// !$*UTF8*$!
{
	archiveVersion = 1;
	classes = {
	};
	objectVersion = 46;
	objects = {

/* Begin PBXAggregateTarget section */
		ECA96F1C141DD2DC0064BB97 /* Documentation */ = {
			isa = PBXAggregateTarget;
			buildConfigurationList = ECA96F1D141DD2DC0064BB97 /* Build configuration list for PBXAggregateTarget "Documentation" */;
			buildPhases = (
				ECA96F20141DD2E20064BB97 /* ShellScript */,
			);
			dependencies = (
			);
			name = Documentation;
			productName = Documentation;
		};
/* End PBXAggregateTarget section */

/* Begin PBXBuildFile section */
		EC2D23611409A59D00CCB092 /* README.txt in Resources */ = {isa = PBXBuildFile; fileRef = EC2D23601409A59D00CCB092 /* README.txt */; };
		EC65D931141D9EB500CB16C8 /* BDStatusUpdateProtocol.h in Headers */ = {isa = PBXBuildFile; fileRef = EC55F54C141D056E00E756C5 /* BDStatusUpdateProtocol.h */; settings = {ATTRIBUTES = (Public, ); }; };
		EC89849B140996F100CB12E2 /* UIKit.framework in Frameworks */ = {isa = PBXBuildFile; fileRef = EC89849A140996F100CB12E2 /* UIKit.framework */; };
		EC89849D140996F100CB12E2 /* Foundation.framework in Frameworks */ = {isa = PBXBuildFile; fileRef = EC89849C140996F100CB12E2 /* Foundation.framework */; };
		EC8984A5140996F100CB12E2 /* InfoPlist.strings in Resources */ = {isa = PBXBuildFile; fileRef = EC8984A3140996F100CB12E2 /* InfoPlist.strings */; };
		EC8984A7140996F100CB12E2 /* main.m in Sources */ = {isa = PBXBuildFile; fileRef = EC8984A6140996F100CB12E2 /* main.m */; };
		EC8984AB140996F100CB12E2 /* SampleHoverViewProjectAppDelegate.m in Sources */ = {isa = PBXBuildFile; fileRef = EC8984AA140996F100CB12E2 /* SampleHoverViewProjectAppDelegate.m */; };
		EC8984C31409995B00CB12E2 /* MainWindow.xib in Resources */ = {isa = PBXBuildFile; fileRef = EC8984C21409995B00CB12E2 /* MainWindow.xib */; };
		EC8EA0DA141AFC2900EB14AF /* Foundation.framework in Frameworks */ = {isa = PBXBuildFile; fileRef = EC89849C140996F100CB12E2 /* Foundation.framework */; };
		EC8EA0E0141AFC2900EB14AF /* InfoPlist.strings in Resources */ = {isa = PBXBuildFile; fileRef = EC8EA0DE141AFC2900EB14AF /* InfoPlist.strings */; };
		EC8EA0E6141AFC8F00EB14AF /* BDHoverView.m in Sources */ = {isa = PBXBuildFile; fileRef = EC8984C6140999B100CB12E2 /* BDHoverView.m */; };
		EC8EA0E7141AFC9200EB14AF /* BDHoverViewController.m in Sources */ = {isa = PBXBuildFile; fileRef = EC8984C8140999B100CB12E2 /* BDHoverViewController.m */; };
		EC8EA0E8141AFC9900EB14AF /* BDHoverView.h in Headers */ = {isa = PBXBuildFile; fileRef = EC8984C5140999B100CB12E2 /* BDHoverView.h */; settings = {ATTRIBUTES = (Public, ); }; };
		EC8EA0E9141AFC9B00EB14AF /* BDHoverViewController.h in Headers */ = {isa = PBXBuildFile; fileRef = EC8984C7140999B100CB12E2 /* BDHoverViewController.h */; settings = {ATTRIBUTES = (Public, ); }; };
		EC8EA0EA141AFCAE00EB14AF /* BDHoverViewController.framework in Frameworks */ = {isa = PBXBuildFile; fileRef = EC8EA0D9141AFC2900EB14AF /* BDHoverViewController.framework */; };
		EC8EA0ED141AFCD500EB14AF /* CoreGraphics.framework in Frameworks */ = {isa = PBXBuildFile; fileRef = EC89849E140996F100CB12E2 /* CoreGraphics.framework */; };
		EC8EA0EE141AFCD500EB14AF /* QuartzCore.framework in Frameworks */ = {isa = PBXBuildFile; fileRef = ECF0E9821409A26200CDB86F /* QuartzCore.framework */; };
		EC8EA0EF141AFCD500EB14AF /* UIKit.framework in Frameworks */ = {isa = PBXBuildFile; fileRef = EC89849A140996F100CB12E2 /* UIKit.framework */; };
		ECF0E9811409A0FB00CDB86F /* CoreGraphics.framework in Frameworks */ = {isa = PBXBuildFile; fileRef = EC89849E140996F100CB12E2 /* CoreGraphics.framework */; };
		ECF0E9831409A26300CDB86F /* QuartzCore.framework in Frameworks */ = {isa = PBXBuildFile; fileRef = ECF0E9821409A26200CDB86F /* QuartzCore.framework */; };
/* End PBXBuildFile section */

/* Begin PBXContainerItemProxy section */
		EC8EA0EB141AFCB800EB14AF /* PBXContainerItemProxy */ = {
			isa = PBXContainerItemProxy;
			containerPortal = EC89848D140996F100CB12E2 /* Project object */;
			proxyType = 1;
			remoteGlobalIDString = EC8EA0D8141AFC2900EB14AF;
			remoteInfo = BDHoverViewController;
		};
		ECA96F21141DD5890064BB97 /* PBXContainerItemProxy */ = {
			isa = PBXContainerItemProxy;
			containerPortal = EC89848D140996F100CB12E2 /* Project object */;
			proxyType = 1;
			remoteGlobalIDString = ECA96F1C141DD2DC0064BB97;
			remoteInfo = Documentation;
		};
/* End PBXContainerItemProxy section */

/* Begin PBXFileReference section */
		EC2D23601409A59D00CCB092 /* README.txt */ = {isa = PBXFileReference; fileEncoding = 4; lastKnownFileType = text; path = README.txt; sourceTree = "<group>"; };
		EC55F54C141D056E00E756C5 /* BDStatusUpdateProtocol.h */ = {isa = PBXFileReference; fileEncoding = 4; lastKnownFileType = sourcecode.c.h; path = BDStatusUpdateProtocol.h; sourceTree = "<group>"; };
		EC898496140996F100CB12E2 /* SampleHoverViewProject.app */ = {isa = PBXFileReference; explicitFileType = wrapper.application; includeInIndex = 0; path = SampleHoverViewProject.app; sourceTree = BUILT_PRODUCTS_DIR; };
		EC89849A140996F100CB12E2 /* UIKit.framework */ = {isa = PBXFileReference; lastKnownFileType = wrapper.framework; name = UIKit.framework; path = System/Library/Frameworks/UIKit.framework; sourceTree = SDKROOT; };
		EC89849C140996F100CB12E2 /* Foundation.framework */ = {isa = PBXFileReference; lastKnownFileType = wrapper.framework; name = Foundation.framework; path = System/Library/Frameworks/Foundation.framework; sourceTree = SDKROOT; };
		EC89849E140996F100CB12E2 /* CoreGraphics.framework */ = {isa = PBXFileReference; lastKnownFileType = wrapper.framework; name = CoreGraphics.framework; path = System/Library/Frameworks/CoreGraphics.framework; sourceTree = SDKROOT; };
		EC8984A2140996F100CB12E2 /* SampleHoverViewProject-Info.plist */ = {isa = PBXFileReference; lastKnownFileType = text.plist.xml; path = "SampleHoverViewProject-Info.plist"; sourceTree = "<group>"; };
		EC8984A4140996F100CB12E2 /* en */ = {isa = PBXFileReference; lastKnownFileType = text.plist.strings; name = en; path = en.lproj/InfoPlist.strings; sourceTree = "<group>"; };
		EC8984A6140996F100CB12E2 /* main.m */ = {isa = PBXFileReference; lastKnownFileType = sourcecode.c.objc; path = main.m; sourceTree = "<group>"; };
		EC8984A8140996F100CB12E2 /* SampleHoverViewProject-Prefix.pch */ = {isa = PBXFileReference; lastKnownFileType = sourcecode.c.h; path = "SampleHoverViewProject-Prefix.pch"; sourceTree = "<group>"; };
		EC8984A9140996F100CB12E2 /* SampleHoverViewProjectAppDelegate.h */ = {isa = PBXFileReference; lastKnownFileType = sourcecode.c.h; path = SampleHoverViewProjectAppDelegate.h; sourceTree = "<group>"; };
		EC8984AA140996F100CB12E2 /* SampleHoverViewProjectAppDelegate.m */ = {isa = PBXFileReference; lastKnownFileType = sourcecode.c.objc; path = SampleHoverViewProjectAppDelegate.m; sourceTree = "<group>"; };
		EC8984C21409995B00CB12E2 /* MainWindow.xib */ = {isa = PBXFileReference; fileEncoding = 4; lastKnownFileType = file.xib; path = MainWindow.xib; sourceTree = "<group>"; };
		EC8984C5140999B100CB12E2 /* BDHoverView.h */ = {isa = PBXFileReference; fileEncoding = 4; lastKnownFileType = sourcecode.c.h; path = BDHoverView.h; sourceTree = "<group>"; };
		EC8984C6140999B100CB12E2 /* BDHoverView.m */ = {isa = PBXFileReference; fileEncoding = 4; lastKnownFileType = sourcecode.c.objc; path = BDHoverView.m; sourceTree = "<group>"; };
		EC8984C7140999B100CB12E2 /* BDHoverViewController.h */ = {isa = PBXFileReference; fileEncoding = 4; lastKnownFileType = sourcecode.c.h; path = BDHoverViewController.h; sourceTree = "<group>"; };
		EC8984C8140999B100CB12E2 /* BDHoverViewController.m */ = {isa = PBXFileReference; fileEncoding = 4; lastKnownFileType = sourcecode.c.objc; path = BDHoverViewController.m; sourceTree = "<group>"; };
		EC8EA0D9141AFC2900EB14AF /* BDHoverViewController.framework */ = {isa = PBXFileReference; explicitFileType = wrapper.framework.static; includeInIndex = 0; path = BDHoverViewController.framework; sourceTree = BUILT_PRODUCTS_DIR; };
		EC8EA0DD141AFC2900EB14AF /* BDHoverViewController-Info.plist */ = {isa = PBXFileReference; lastKnownFileType = text.plist.xml; path = "BDHoverViewController-Info.plist"; sourceTree = "<group>"; };
		EC8EA0DF141AFC2900EB14AF /* en */ = {isa = PBXFileReference; lastKnownFileType = text.plist.strings; name = en; path = en.lproj/InfoPlist.strings; sourceTree = "<group>"; };
		EC8EA0E1141AFC2900EB14AF /* BDHoverViewController-Prefix.pch */ = {isa = PBXFileReference; lastKnownFileType = sourcecode.c.h; path = "BDHoverViewController-Prefix.pch"; sourceTree = "<group>"; };
		ECF0E9821409A26200CDB86F /* QuartzCore.framework */ = {isa = PBXFileReference; lastKnownFileType = wrapper.framework; name = QuartzCore.framework; path = System/Library/Frameworks/QuartzCore.framework; sourceTree = SDKROOT; };
/* End PBXFileReference section */

/* Begin PBXFrameworksBuildPhase section */
		EC898493140996F100CB12E2 /* Frameworks */ = {
			isa = PBXFrameworksBuildPhase;
			buildActionMask = 2147483647;
			files = (
				EC8EA0EA141AFCAE00EB14AF /* BDHoverViewController.framework in Frameworks */,
				ECF0E9831409A26300CDB86F /* QuartzCore.framework in Frameworks */,
				EC89849B140996F100CB12E2 /* UIKit.framework in Frameworks */,
				EC89849D140996F100CB12E2 /* Foundation.framework in Frameworks */,
				ECF0E9811409A0FB00CDB86F /* CoreGraphics.framework in Frameworks */,
			);
			runOnlyForDeploymentPostprocessing = 0;
		};
		EC8EA0D4141AFC2900EB14AF /* Frameworks */ = {
			isa = PBXFrameworksBuildPhase;
			buildActionMask = 2147483647;
			files = (
				EC8EA0ED141AFCD500EB14AF /* CoreGraphics.framework in Frameworks */,
				EC8EA0EE141AFCD500EB14AF /* QuartzCore.framework in Frameworks */,
				EC8EA0EF141AFCD500EB14AF /* UIKit.framework in Frameworks */,
				EC8EA0DA141AFC2900EB14AF /* Foundation.framework in Frameworks */,
			);
			runOnlyForDeploymentPostprocessing = 0;
		};
/* End PBXFrameworksBuildPhase section */

/* Begin PBXGroup section */
		EC89848B140996F100CB12E2 = {
			isa = PBXGroup;
			children = (
				EC2D23601409A59D00CCB092 /* README.txt */,
				EC8984C41409999500CB12E2 /* BDHoverViewController */,
				EC8984A0140996F100CB12E2 /* SampleHoverViewProject */,
				EC898499140996F100CB12E2 /* Frameworks */,
				EC898497140996F100CB12E2 /* Products */,
			);
			sourceTree = "<group>";
		};
		EC898497140996F100CB12E2 /* Products */ = {
			isa = PBXGroup;
			children = (
				EC898496140996F100CB12E2 /* SampleHoverViewProject.app */,
				EC8EA0D9141AFC2900EB14AF /* BDHoverViewController.framework */,
			);
			name = Products;
			sourceTree = "<group>";
		};
		EC898499140996F100CB12E2 /* Frameworks */ = {
			isa = PBXGroup;
			children = (
				ECF0E9821409A26200CDB86F /* QuartzCore.framework */,
				EC89849A140996F100CB12E2 /* UIKit.framework */,
				EC89849C140996F100CB12E2 /* Foundation.framework */,
				EC89849E140996F100CB12E2 /* CoreGraphics.framework */,
			);
			name = Frameworks;
			sourceTree = "<group>";
		};
		EC8984A0140996F100CB12E2 /* SampleHoverViewProject */ = {
			isa = PBXGroup;
			children = (
				EC8984C21409995B00CB12E2 /* MainWindow.xib */,
				EC8984A9140996F100CB12E2 /* SampleHoverViewProjectAppDelegate.h */,
				EC8984AA140996F100CB12E2 /* SampleHoverViewProjectAppDelegate.m */,
				EC8984A1140996F100CB12E2 /* Supporting Files */,
			);
			path = SampleHoverViewProject;
			sourceTree = "<group>";
		};
		EC8984A1140996F100CB12E2 /* Supporting Files */ = {
			isa = PBXGroup;
			children = (
				EC8984A2140996F100CB12E2 /* SampleHoverViewProject-Info.plist */,
				EC8984A3140996F100CB12E2 /* InfoPlist.strings */,
				EC8984A6140996F100CB12E2 /* main.m */,
				EC8984A8140996F100CB12E2 /* SampleHoverViewProject-Prefix.pch */,
			);
			name = "Supporting Files";
			sourceTree = "<group>";
		};
		EC8984C41409999500CB12E2 /* BDHoverViewController */ = {
			isa = PBXGroup;
			children = (
				EC8EA0DC141AFC2900EB14AF /* Supporting Files */,
				EC8984C5140999B100CB12E2 /* BDHoverView.h */,
				EC8984C6140999B100CB12E2 /* BDHoverView.m */,
				EC8984C7140999B100CB12E2 /* BDHoverViewController.h */,
				EC8984C8140999B100CB12E2 /* BDHoverViewController.m */,
				EC55F54C141D056E00E756C5 /* BDStatusUpdateProtocol.h */,
			);
			name = BDHoverViewController;
			sourceTree = "<group>";
		};
		EC8EA0DC141AFC2900EB14AF /* Supporting Files */ = {
			isa = PBXGroup;
			children = (
				EC8EA0DD141AFC2900EB14AF /* BDHoverViewController-Info.plist */,
				EC8EA0DE141AFC2900EB14AF /* InfoPlist.strings */,
				EC8EA0E1141AFC2900EB14AF /* BDHoverViewController-Prefix.pch */,
			);
			name = "Supporting Files";
			path = BDHoverViewController;
			sourceTree = "<group>";
		};
/* End PBXGroup section */

/* Begin PBXHeadersBuildPhase section */
		EC8EA0D5141AFC2900EB14AF /* Headers */ = {
			isa = PBXHeadersBuildPhase;
			buildActionMask = 2147483647;
			files = (
				EC65D931141D9EB500CB16C8 /* BDStatusUpdateProtocol.h in Headers */,
				EC8EA0E8141AFC9900EB14AF /* BDHoverView.h in Headers */,
				EC8EA0E9141AFC9B00EB14AF /* BDHoverViewController.h in Headers */,
			);
			runOnlyForDeploymentPostprocessing = 0;
		};
/* End PBXHeadersBuildPhase section */

/* Begin PBXNativeTarget section */
		EC898495140996F100CB12E2 /* SampleHoverViewProject */ = {
			isa = PBXNativeTarget;
			buildConfigurationList = EC8984BC140996F200CB12E2 /* Build configuration list for PBXNativeTarget "SampleHoverViewProject" */;
			buildPhases = (
				EC898492140996F100CB12E2 /* Sources */,
				EC898493140996F100CB12E2 /* Frameworks */,
				EC898494140996F100CB12E2 /* Resources */,
			);
			buildRules = (
			);
			dependencies = (
				EC8EA0EC141AFCB800EB14AF /* PBXTargetDependency */,
			);
			name = SampleHoverViewProject;
			productName = SampleHoverViewProject;
			productReference = EC898496140996F100CB12E2 /* SampleHoverViewProject.app */;
			productType = "com.apple.product-type.application";
		};
		EC8EA0D8141AFC2900EB14AF /* BDHoverViewController */ = {
			isa = PBXNativeTarget;
			buildConfigurationList = EC8EA0E4141AFC2900EB14AF /* Build configuration list for PBXNativeTarget "BDHoverViewController" */;
			buildPhases = (
				EC8EA0D2141AFC2900EB14AF /* ShellScript */,
				EC8EA0D3141AFC2900EB14AF /* Sources */,
				EC8EA0D4141AFC2900EB14AF /* Frameworks */,
				EC8EA0D5141AFC2900EB14AF /* Headers */,
				EC8EA0D6141AFC2900EB14AF /* Resources */,
				EC8EA0D7141AFC2900EB14AF /* ShellScript */,
			);
			buildRules = (
			);
			dependencies = (
				ECA96F22141DD5890064BB97 /* PBXTargetDependency */,
			);
			name = BDHoverViewController;
			productName = BDHoverViewController;
			productReference = EC8EA0D9141AFC2900EB14AF /* BDHoverViewController.framework */;
			productType = "com.apple.product-type.framework.static";
		};
/* End PBXNativeTarget section */

/* Begin PBXProject section */
		EC89848D140996F100CB12E2 /* Project object */ = {
			isa = PBXProject;
			attributes = {
				LastUpgradeCheck = 0420;
			};
			buildConfigurationList = EC898490140996F100CB12E2 /* Build configuration list for PBXProject "SampleHoverViewProject" */;
			compatibilityVersion = "Xcode 3.2";
			developmentRegion = English;
			hasScannedForEncodings = 0;
			knownRegions = (
				en,
			);
			mainGroup = EC89848B140996F100CB12E2;
			productRefGroup = EC898497140996F100CB12E2 /* Products */;
			projectDirPath = "";
			projectRoot = "";
			targets = (
				EC898495140996F100CB12E2 /* SampleHoverViewProject */,
				EC8EA0D8141AFC2900EB14AF /* BDHoverViewController */,
				ECA96F1C141DD2DC0064BB97 /* Documentation */,
			);
		};
/* End PBXProject section */

/* Begin PBXResourcesBuildPhase section */
		EC898494140996F100CB12E2 /* Resources */ = {
			isa = PBXResourcesBuildPhase;
			buildActionMask = 2147483647;
			files = (
				EC8984A5140996F100CB12E2 /* InfoPlist.strings in Resources */,
				EC8984C31409995B00CB12E2 /* MainWindow.xib in Resources */,
				EC2D23611409A59D00CCB092 /* README.txt in Resources */,
			);
			runOnlyForDeploymentPostprocessing = 0;
		};
		EC8EA0D6141AFC2900EB14AF /* Resources */ = {
			isa = PBXResourcesBuildPhase;
			buildActionMask = 2147483647;
			files = (
				EC8EA0E0141AFC2900EB14AF /* InfoPlist.strings in Resources */,
			);
			runOnlyForDeploymentPostprocessing = 0;
		};
/* End PBXResourcesBuildPhase section */

/* Begin PBXShellScriptBuildPhase section */
		EC8EA0D2141AFC2900EB14AF /* ShellScript */ = {
			isa = PBXShellScriptBuildPhase;
			buildActionMask = 2147483647;
			files = (
			);
			inputPaths = (
			);
			outputPaths = (
			);
			runOnlyForDeploymentPostprocessing = 0;
			shellPath = /bin/sh;
			shellScript = "set -e\n\nset +u\nif [[ $UFW_MASTER_SCRIPT_RUNNING ]]\nthen\n    # Nothing for the slave script to do\n    exit 0\nfi\nset -u\n\nif [[ \"$SDK_NAME\" =~ ([A-Za-z]+) ]]\nthen\n    UFW_SDK_PLATFORM=${BASH_REMATCH[1]}\nelse\n    echo \"Could not find platform name from SDK_NAME: $SDK_NAME\"\n    exit 1\nfi\n\nif [[ \"$SDK_NAME\" =~ ([0-9]+.*$) ]]\nthen\n\tUFW_SDK_VERSION=${BASH_REMATCH[1]}\nelse\n    echo \"Could not find sdk version  from SDK_NAME: $SDK_NAME\"\n    exit 1\nfi\n\nif [[ \"$UFW_SDK_PLATFORM\" = \"iphoneos\" ]]\nthen\n    UFW_OTHER_PLATFORM=iphonesimulator\nelse\n    UFW_OTHER_PLATFORM=iphoneos\nfi\n\nif [[ \"$BUILT_PRODUCTS_DIR\" =~ (.*)$UFW_SDK_PLATFORM$ ]]\nthen\n    UFW_OTHER_BUILT_PRODUCTS_DIR=\"${BASH_REMATCH[1]}${UFW_OTHER_PLATFORM}\"\nelse\n    echo \"Could not find $UFW_SDK_PLATFORM in $BUILT_PRODUCTS_DIR\"\n    exit 1\nfi\n\n\n# Short-circuit if all binaries are up to date\n\nif [[ -f \"${BUILT_PRODUCTS_DIR}/${EXECUTABLE_PATH}\" ]] && \\\n   [[ -f \"${BUILT_PRODUCTS_DIR}/${PRODUCT_NAME}.embeddedframework/${EXECUTABLE_PATH}\" ]] && \\\n   [[ ! \"${BUILT_PRODUCTS_DIR}/${EXECUTABLE_PATH}\" -nt \"${BUILT_PRODUCTS_DIR}/${PRODUCT_NAME}.embeddedframework/${EXECUTABLE_PATH}\" ]]\n   [[ -f \"${UFW_OTHER_BUILT_PRODUCTS_DIR}/${EXECUTABLE_PATH}\" ]] && \\\n   [[ -f \"${UFW_OTHER_BUILT_PRODUCTS_DIR}/${PRODUCT_NAME}.embeddedframework/${EXECUTABLE_PATH}\" ]] && \\\n   [[ ! \"${UFW_OTHER_BUILT_PRODUCTS_DIR}/${EXECUTABLE_PATH}\" -nt \"${UFW_OTHER_BUILT_PRODUCTS_DIR}/${PRODUCT_NAME}.embeddedframework/${EXECUTABLE_PATH}\" ]]\nthen\n    exit 0\nfi\n\n\n# Clean other platform if needed\n\nif [[ ! -f \"${BUILT_PRODUCTS_DIR}/${EXECUTABLE_PATH}\" ]]\nthen\n\techo \"Platform \\\"$UFW_SDK_PLATFORM\\\" was cleaned recently. Cleaning \\\"$UFW_OTHER_PLATFORM\\\" as well\"\n\techo xcodebuild -project \"${PROJECT_FILE_PATH}\" -target \"${TARGET_NAME}\" -configuration \"${CONFIGURATION}\" -sdk ${UFW_OTHER_PLATFORM}${UFW_SDK_VERSION} BUILD_DIR=\"${BUILD_DIR}\" CONFIGURATION_TEMP_DIR=\"${PROJECT_TEMP_DIR}/${CONFIGURATION}-${UFW_OTHER_PLATFORM}\" clean\n\txcodebuild -project \"${PROJECT_FILE_PATH}\" -target \"${TARGET_NAME}\" -configuration \"${CONFIGURATION}\" -sdk ${UFW_OTHER_PLATFORM}${UFW_SDK_VERSION} BUILD_DIR=\"${BUILD_DIR}\" CONFIGURATION_TEMP_DIR=\"${PROJECT_TEMP_DIR}/${CONFIGURATION}-${UFW_OTHER_PLATFORM}\" clean\nfi\n\n\n# Make sure we are building from fresh binaries\n\nrm -rf \"${BUILT_PRODUCTS_DIR}/${EXECUTABLE_PATH}\"\nrm -rf \"${BUILT_PRODUCTS_DIR}/${PRODUCT_NAME}.embeddedframework\"\nrm -rf \"${UFW_OTHER_BUILT_PRODUCTS_DIR}/${EXECUTABLE_PATH}\"\nrm -rf \"${UFW_OTHER_BUILT_PRODUCTS_DIR}/${PRODUCT_NAME}.embeddedframework\"\n";
		};
		EC8EA0D7141AFC2900EB14AF /* ShellScript */ = {
			isa = PBXShellScriptBuildPhase;
			buildActionMask = 2147483647;
			files = (
			);
			inputPaths = (
			);
			outputPaths = (
			);
			runOnlyForDeploymentPostprocessing = 0;
			shellPath = /bin/sh;
			shellScript = "set -e\n\nset +u\nif [[ $UFW_MASTER_SCRIPT_RUNNING ]]\nthen\n    # Nothing for the slave script to do\n    exit 0\nfi\nset -u\nexport UFW_MASTER_SCRIPT_RUNNING=1\n\n\n# Functions\n\n## List files in the specified directory, storing to the specified array.\n#\n# @param $1 The path to list\n# @param $2 The name of the array to fill\n#\n##\nlist_files ()\n{\n    filelist=$(ls \"$1\")\n    while read line\n    do\n        eval \"$2[\\${#$2[*]}]=\\\"\\$line\\\"\"\n    done <<< \"$filelist\"\n}\n\n\n# Sanity check\n\nif [[ ! -f \"${BUILT_PRODUCTS_DIR}/${EXECUTABLE_PATH}\" ]]\nthen\n    echo \"Framework target \\\"${TARGET_NAME}\\\" had no source files to build from. Make sure your source files have the correct target membership\"\n    exit 1\nfi\n\n\n# Gather information\n\nif [[ \"$SDK_NAME\" =~ ([A-Za-z]+) ]]\nthen\n    UFW_SDK_PLATFORM=${BASH_REMATCH[1]}\nelse\n    echo \"Could not find platform name from SDK_NAME: $SDK_NAME\"\n    exit 1\nfi\n\nif [[ \"$SDK_NAME\" =~ ([0-9]+.*$) ]]\nthen\n    UFW_SDK_VERSION=${BASH_REMATCH[1]}\nelse\n    echo \"Could not find sdk version from SDK_NAME: $SDK_NAME\"\n    exit 1\nfi\n\nif [[ \"$UFW_SDK_PLATFORM\" = \"iphoneos\" ]]\nthen\n    UFW_OTHER_PLATFORM=iphonesimulator\nelse\n    UFW_OTHER_PLATFORM=iphoneos\nfi\n\nif [[ \"$BUILT_PRODUCTS_DIR\" =~ (.*)$UFW_SDK_PLATFORM$ ]]\nthen\n    UFW_OTHER_BUILT_PRODUCTS_DIR=\"${BASH_REMATCH[1]}${UFW_OTHER_PLATFORM}\"\nelse\n    echo \"Could not find $UFW_SDK_PLATFORM in $BUILT_PRODUCTS_DIR\"\n    exit 1\nfi\n\n\n# Short-circuit if all binaries are up to date.\n# We already checked the other platform in the prerun script.\n\nif [[ -f \"${BUILT_PRODUCTS_DIR}/${EXECUTABLE_PATH}\" ]] && [[ -f \"${BUILT_PRODUCTS_DIR}/${PRODUCT_NAME}.embeddedframework/${EXECUTABLE_PATH}\" ]] && [[ ! \"${BUILT_PRODUCTS_DIR}/${EXECUTABLE_PATH}\" -nt \"${BUILT_PRODUCTS_DIR}/${PRODUCT_NAME}.embeddedframework/${EXECUTABLE_PATH}\" ]]\nthen\n    exit 0\nfi\n\n\n# Make sure the other platform gets built\n\necho \"Build other platform\"\n\necho xcodebuild -project \"${PROJECT_FILE_PATH}\" -target \"${TARGET_NAME}\" -configuration \"${CONFIGURATION}\" -sdk ${UFW_OTHER_PLATFORM}${UFW_SDK_VERSION} BUILD_DIR=\"${BUILD_DIR}\" CONFIGURATION_TEMP_DIR=\"${PROJECT_TEMP_DIR}/${CONFIGURATION}-${UFW_OTHER_PLATFORM}\" $ACTION\nxcodebuild -project \"${PROJECT_FILE_PATH}\" -target \"${TARGET_NAME}\" -configuration \"${CONFIGURATION}\" -sdk ${UFW_OTHER_PLATFORM}${UFW_SDK_VERSION} BUILD_DIR=\"${BUILD_DIR}\" CONFIGURATION_TEMP_DIR=\"${PROJECT_TEMP_DIR}/${CONFIGURATION}-${UFW_OTHER_PLATFORM}\" $ACTION\n\n\n# Build the fat static library binary\n\necho \"Create universal static library\"\n\necho \"$PLATFORM_DEVELOPER_BIN_DIR/libtool\" -static \"${BUILT_PRODUCTS_DIR}/${EXECUTABLE_PATH}\" \"${UFW_OTHER_BUILT_PRODUCTS_DIR}/${EXECUTABLE_PATH}\" -o \"${BUILT_PRODUCTS_DIR}/${EXECUTABLE_PATH}.temp\"\n\"$PLATFORM_DEVELOPER_BIN_DIR/libtool\" -static \"${BUILT_PRODUCTS_DIR}/${EXECUTABLE_PATH}\" \"${UFW_OTHER_BUILT_PRODUCTS_DIR}/${EXECUTABLE_PATH}\" -o \"${BUILT_PRODUCTS_DIR}/${EXECUTABLE_PATH}.temp\"\n\necho mv \"${BUILT_PRODUCTS_DIR}/${EXECUTABLE_PATH}.temp\" \"${BUILT_PRODUCTS_DIR}/${EXECUTABLE_PATH}\"\nmv \"${BUILT_PRODUCTS_DIR}/${EXECUTABLE_PATH}.temp\" \"${BUILT_PRODUCTS_DIR}/${EXECUTABLE_PATH}\"\n\n\n# Build embedded framework structure\n\necho \"Build Embedded Framework\"\n\necho rm -rf \"${BUILT_PRODUCTS_DIR}/${PRODUCT_NAME}.embeddedframework\"\nrm -rf \"${BUILT_PRODUCTS_DIR}/${PRODUCT_NAME}.embeddedframework\"\necho mkdir -p \"${BUILT_PRODUCTS_DIR}/${PRODUCT_NAME}.embeddedframework/Resources\"\nmkdir -p \"${BUILT_PRODUCTS_DIR}/${PRODUCT_NAME}.embeddedframework/Resources\"\necho cp -a \"${BUILT_PRODUCTS_DIR}/${WRAPPER_NAME}\" \"${BUILT_PRODUCTS_DIR}/${PRODUCT_NAME}.embeddedframework/\"\ncp -a \"${BUILT_PRODUCTS_DIR}/${WRAPPER_NAME}\" \"${BUILT_PRODUCTS_DIR}/${PRODUCT_NAME}.embeddedframework/\"\n\ndeclare -a UFW_FILE_LIST\nlist_files \"${BUILT_PRODUCTS_DIR}/${UNLOCALIZED_RESOURCES_FOLDER_PATH}\" UFW_FILE_LIST\nfor filename in \"${UFW_FILE_LIST[@]}\"\ndo\n    if [[ \"${filename}\" != \"Info.plist\" ]] && [[ ! \"${filename}\" =~ .*\\.lproj$ ]]\n    then\n        echo ln -sf \"../${WRAPPER_NAME}/Resources/${filename}\" \"${BUILT_PRODUCTS_DIR}/${PRODUCT_NAME}.embeddedframework/Resources/${filename}\"\n        ln -sf \"../${WRAPPER_NAME}/Resources/${filename}\" \"${BUILT_PRODUCTS_DIR}/${PRODUCT_NAME}.embeddedframework/Resources/${filename}\"\n    fi\ndone\n\n\n# Replace other platform's framework with a copy of this one (so that both have the same universal binary)\n\necho \"Copy from $UFW_SDK_PLATFORM to $UFW_OTHER_PLATFORM\"\n\necho rm -rf \"${BUILD_DIR}/${CONFIGURATION}-${UFW_OTHER_PLATFORM}\"\nrm -rf \"${BUILD_DIR}/${CONFIGURATION}-${UFW_OTHER_PLATFORM}\"\necho cp -a \"${BUILD_DIR}/${CONFIGURATION}-${UFW_SDK_PLATFORM}\" \"${BUILD_DIR}/${CONFIGURATION}-${UFW_OTHER_PLATFORM}\"\ncp -a \"${BUILD_DIR}/${CONFIGURATION}-${UFW_SDK_PLATFORM}\" \"${BUILD_DIR}/${CONFIGURATION}-${UFW_OTHER_PLATFORM}\"\n";
		};
		ECA96F20141DD2E20064BB97 /* ShellScript */ = {
			isa = PBXShellScriptBuildPhase;
			buildActionMask = 2147483647;
			files = (
			);
			inputPaths = (
			);
			outputPaths = (
			);
			runOnlyForDeploymentPostprocessing = 0;
			shellPath = /bin/sh;
			shellScript = "/usr/local/bin/appledoc \\\n--project-name \"BDHoverViewController\" \\\n--project-company \"Big Diggy SW\" \\\n--company-id com.bigdiggy \\\n--output ~/help \\\n--logformat xcode \\\n--keep-undocumented-objects \\\n--keep-undocumented-members \\\n--exit-threshold 2 \\\n--ignore .m \\\n--ignore SampleHoverViewProjectAppDelegate.h \\\n--ignore UnitTest \\\n--no-repeat-first-par \\\n\"${PROJECT_DIR}\"";
		};
/* End PBXShellScriptBuildPhase section */

/* Begin PBXSourcesBuildPhase section */
		EC898492140996F100CB12E2 /* Sources */ = {
			isa = PBXSourcesBuildPhase;
			buildActionMask = 2147483647;
			files = (
				EC8984A7140996F100CB12E2 /* main.m in Sources */,
				EC8984AB140996F100CB12E2 /* SampleHoverViewProjectAppDelegate.m in Sources */,
			);
			runOnlyForDeploymentPostprocessing = 0;
		};
		EC8EA0D3141AFC2900EB14AF /* Sources */ = {
			isa = PBXSourcesBuildPhase;
			buildActionMask = 2147483647;
			files = (
				EC8EA0E7141AFC9200EB14AF /* BDHoverViewController.m in Sources */,
				EC8EA0E6141AFC8F00EB14AF /* BDHoverView.m in Sources */,
			);
			runOnlyForDeploymentPostprocessing = 0;
		};
/* End PBXSourcesBuildPhase section */

/* Begin PBXTargetDependency section */
		EC8EA0EC141AFCB800EB14AF /* PBXTargetDependency */ = {
			isa = PBXTargetDependency;
			target = EC8EA0D8141AFC2900EB14AF /* BDHoverViewController */;
			targetProxy = EC8EA0EB141AFCB800EB14AF /* PBXContainerItemProxy */;
		};
		ECA96F22141DD5890064BB97 /* PBXTargetDependency */ = {
			isa = PBXTargetDependency;
			target = ECA96F1C141DD2DC0064BB97 /* Documentation */;
			targetProxy = ECA96F21141DD5890064BB97 /* PBXContainerItemProxy */;
		};
/* End PBXTargetDependency section */

/* Begin PBXVariantGroup section */
		EC8984A3140996F100CB12E2 /* InfoPlist.strings */ = {
			isa = PBXVariantGroup;
			children = (
				EC8984A4140996F100CB12E2 /* en */,
			);
			name = InfoPlist.strings;
			sourceTree = "<group>";
		};
		EC8EA0DE141AFC2900EB14AF /* InfoPlist.strings */ = {
			isa = PBXVariantGroup;
			children = (
				EC8EA0DF141AFC2900EB14AF /* en */,
			);
			name = InfoPlist.strings;
			sourceTree = "<group>";
		};
/* End PBXVariantGroup section */

/* Begin XCBuildConfiguration section */
		EC8984BA140996F200CB12E2 /* Debug */ = {
			isa = XCBuildConfiguration;
			buildSettings = {
				ALWAYS_SEARCH_USER_PATHS = NO;
				ARCHS = "$(ARCHS_STANDARD_32_BIT)";
				"CODE_SIGN_IDENTITY[sdk=iphoneos*]" = "iPhone Developer";
				COPY_PHASE_STRIP = NO;
				GCC_C_LANGUAGE_STANDARD = gnu99;
				GCC_DYNAMIC_NO_PIC = NO;
				GCC_OPTIMIZATION_LEVEL = 0;
				GCC_PREPROCESSOR_DEFINITIONS = (
					"DEBUG=1",
					"$(inherited)",
				);
				GCC_SYMBOLS_PRIVATE_EXTERN = NO;
				GCC_VERSION = com.apple.compilers.llvmgcc42;
				GCC_WARN_ABOUT_MISSING_PROTOTYPES = YES;
				GCC_WARN_ABOUT_RETURN_TYPE = YES;
				GCC_WARN_UNUSED_VARIABLE = YES;
				IPHONEOS_DEPLOYMENT_TARGET = 4.3;
				SDKROOT = iphoneos;
				TARGETED_DEVICE_FAMILY = "1,2";
			};
			name = Debug;
		};
		EC8984BB140996F200CB12E2 /* Release */ = {
			isa = XCBuildConfiguration;
			buildSettings = {
				ALWAYS_SEARCH_USER_PATHS = NO;
				ARCHS = "$(ARCHS_STANDARD_32_BIT)";
				"CODE_SIGN_IDENTITY[sdk=iphoneos*]" = "iPhone Developer";
				COPY_PHASE_STRIP = YES;
				GCC_C_LANGUAGE_STANDARD = gnu99;
				GCC_VERSION = com.apple.compilers.llvmgcc42;
				GCC_WARN_ABOUT_MISSING_PROTOTYPES = YES;
				GCC_WARN_ABOUT_RETURN_TYPE = YES;
				GCC_WARN_UNUSED_VARIABLE = YES;
				IPHONEOS_DEPLOYMENT_TARGET = 4.3;
				OTHER_CFLAGS = "-DNS_BLOCK_ASSERTIONS=1";
				SDKROOT = iphoneos;
				TARGETED_DEVICE_FAMILY = "1,2";
				VALIDATE_PRODUCT = YES;
			};
			name = Release;
		};
		EC8984BD140996F200CB12E2 /* Debug */ = {
			isa = XCBuildConfiguration;
			buildSettings = {
				ARCHS = "$(ARCHS_STANDARD_32_BIT)";
				FRAMEWORK_SEARCH_PATHS = (
					"$(inherited)",
					"\"$(SRCROOT)/../../AppStoreSkeleton\"",
					"\"$(SRCROOT)\"",
				);
				GCC_PRECOMPILE_PREFIX_HEADER = YES;
				GCC_PREFIX_HEADER = "SampleHoverViewProject/SampleHoverViewProject-Prefix.pch";
				GCC_VERSION = com.apple.compilers.llvm.clang.1_0;
				INFOPLIST_FILE = "SampleHoverViewProject/SampleHoverViewProject-Info.plist";
				PRODUCT_NAME = "$(TARGET_NAME)";
				RUN_CLANG_STATIC_ANALYZER = YES;
				WRAPPER_EXTENSION = app;
			};
			name = Debug;
		};
		EC8984BE140996F200CB12E2 /* Release */ = {
			isa = XCBuildConfiguration;
			buildSettings = {
				ARCHS = "$(ARCHS_STANDARD_32_BIT)";
				FRAMEWORK_SEARCH_PATHS = (
					"$(inherited)",
					"\"$(SRCROOT)/../../AppStoreSkeleton\"",
					"\"$(SRCROOT)\"",
				);
				GCC_PRECOMPILE_PREFIX_HEADER = YES;
				GCC_PREFIX_HEADER = "SampleHoverViewProject/SampleHoverViewProject-Prefix.pch";
				GCC_VERSION = com.apple.compilers.llvm.clang.1_0;
				INFOPLIST_FILE = "SampleHoverViewProject/SampleHoverViewProject-Info.plist";
				PRODUCT_NAME = "$(TARGET_NAME)";
				RUN_CLANG_STATIC_ANALYZER = YES;
				WRAPPER_EXTENSION = app;
			};
			name = Release;
		};
		EC8EA0E2141AFC2900EB14AF /* Debug */ = {
			isa = XCBuildConfiguration;
			buildSettings = {
				DYLIB_COMPATIBILITY_VERSION = 1;
				DYLIB_CURRENT_VERSION = 1;
				FRAMEWORK_VERSION = A;
				GCC_PRECOMPILE_PREFIX_HEADER = YES;
				GCC_PREFIX_HEADER = "BDHoverViewController/BDHoverViewController-Prefix.pch";
				GCC_VERSION = com.apple.compilers.llvm.clang.1_0;
				INFOPLIST_FILE = "BDHoverViewController/BDHoverViewController-Info.plist";
				IPHONEOS_DEPLOYMENT_TARGET = 4.3;
				New_Setting = "";
				"New_Setting[arch=*]" = "DOXYGEN_PATH /Applications/Doxygen.app/Contents/Resources/doxygen";
				PRODUCT_NAME = "$(TARGET_NAME)";
				SKIP_INSTALL = YES;
				WRAPPER_EXTENSION = framework;
			};
			name = Debug;
		};
		EC8EA0E3141AFC2900EB14AF /* Release */ = {
			isa = XCBuildConfiguration;
			buildSettings = {
				DYLIB_COMPATIBILITY_VERSION = 1;
				DYLIB_CURRENT_VERSION = 1;
				FRAMEWORK_VERSION = A;
				GCC_PRECOMPILE_PREFIX_HEADER = YES;
				GCC_PREFIX_HEADER = "BDHoverViewController/BDHoverViewController-Prefix.pch";
				GCC_VERSION = com.apple.compilers.llvm.clang.1_0;
				INFOPLIST_FILE = "BDHoverViewController/BDHoverViewController-Info.plist";
				IPHONEOS_DEPLOYMENT_TARGET = 4.3;
				New_Setting = "";
				PRODUCT_NAME = "$(TARGET_NAME)";
				SKIP_INSTALL = YES;
				WRAPPER_EXTENSION = framework;
			};
			name = Release;
		};
		ECA96F1E141DD2DC0064BB97 /* Debug */ = {
			isa = XCBuildConfiguration;
			buildSettings = {
				PRODUCT_NAME = "$(TARGET_NAME)";
			};
			name = Debug;
		};
		ECA96F1F141DD2DC0064BB97 /* Release */ = {
			isa = XCBuildConfiguration;
			buildSettings = {
				PRODUCT_NAME = "$(TARGET_NAME)";
			};
			name = Release;
		};
/* End XCBuildConfiguration section */

/* Begin XCConfigurationList section */
		EC898490140996F100CB12E2 /* Build configuration list for PBXProject "SampleHoverViewProject" */ = {
			isa = XCConfigurationList;
			buildConfigurations = (
				EC8984BA140996F200CB12E2 /* Debug */,
				EC8984BB140996F200CB12E2 /* Release */,
			);
			defaultConfigurationIsVisible = 0;
			defaultConfigurationName = Release;
		};
		EC8984BC140996F200CB12E2 /* Build configuration list for PBXNativeTarget "SampleHoverViewProject" */ = {
			isa = XCConfigurationList;
			buildConfigurations = (
				EC8984BD140996F200CB12E2 /* Debug */,
				EC8984BE140996F200CB12E2 /* Release */,
			);
			defaultConfigurationIsVisible = 0;
			defaultConfigurationName = Release;
		};
		EC8EA0E4141AFC2900EB14AF /* Build configuration list for PBXNativeTarget "BDHoverViewController" */ = {
			isa = XCConfigurationList;
			buildConfigurations = (
				EC8EA0E2141AFC2900EB14AF /* Debug */,
				EC8EA0E3141AFC2900EB14AF /* Release */,
			);
			defaultConfigurationIsVisible = 0;
			defaultConfigurationName = Release;
		};
		ECA96F1D141DD2DC0064BB97 /* Build configuration list for PBXAggregateTarget "Documentation" */ = {
			isa = XCConfigurationList;
			buildConfigurations = (
				ECA96F1E141DD2DC0064BB97 /* Debug */,
				ECA96F1F141DD2DC0064BB97 /* Release */,
			);
			defaultConfigurationIsVisible = 0;
			defaultConfigurationName = Release;
		};
/* End XCConfigurationList section */
	};
	rootObject = EC89848D140996F100CB12E2 /* Project object */;
}
