// !$*UTF8*$!
{
	archiveVersion = 1;
	classes = {
	};
	objectVersion = 46;
	objects = {

/* Begin PBXBuildFile section */
		EC2D23611409A59D00CCB092 /* README.txt in Resources */ = {isa = PBXBuildFile; fileRef = EC2D23601409A59D00CCB092 /* README.txt */; };
		EC89849B140996F100CB12E2 /* UIKit.framework in Frameworks */ = {isa = PBXBuildFile; fileRef = EC89849A140996F100CB12E2 /* UIKit.framework */; };
		EC89849D140996F100CB12E2 /* Foundation.framework in Frameworks */ = {isa = PBXBuildFile; fileRef = EC89849C140996F100CB12E2 /* Foundation.framework */; };
		EC8984A5140996F100CB12E2 /* InfoPlist.strings in Resources */ = {isa = PBXBuildFile; fileRef = EC8984A3140996F100CB12E2 /* InfoPlist.strings */; };
		EC8984A7140996F100CB12E2 /* main.m in Sources */ = {isa = PBXBuildFile; fileRef = EC8984A6140996F100CB12E2 /* main.m */; };
		EC8984AB140996F100CB12E2 /* SampleHoverViewProjectAppDelegate.m in Sources */ = {isa = PBXBuildFile; fileRef = EC8984AA140996F100CB12E2 /* SampleHoverViewProjectAppDelegate.m */; };
		EC8984C31409995B00CB12E2 /* MainWindow.xib in Resources */ = {isa = PBXBuildFile; fileRef = EC8984C21409995B00CB12E2 /* MainWindow.xib */; };
		EC8984C9140999B100CB12E2 /* BDHoverView.m in Sources */ = {isa = PBXBuildFile; fileRef = EC8984C6140999B100CB12E2 /* BDHoverView.m */; };
		EC8984CA140999B100CB12E2 /* BDHoverViewController.m in Sources */ = {isa = PBXBuildFile; fileRef = EC8984C8140999B100CB12E2 /* BDHoverViewController.m */; };
		ECF0E9811409A0FB00CDB86F /* CoreGraphics.framework in Frameworks */ = {isa = PBXBuildFile; fileRef = EC89849E140996F100CB12E2 /* CoreGraphics.framework */; };
		ECF0E9831409A26300CDB86F /* QuartzCore.framework in Frameworks */ = {isa = PBXBuildFile; fileRef = ECF0E9821409A26200CDB86F /* QuartzCore.framework */; };
/* End PBXBuildFile section */

/* Begin PBXFileReference section */
		EC2D23601409A59D00CCB092 /* README.txt */ = {isa = PBXFileReference; fileEncoding = 4; lastKnownFileType = text; path = README.txt; sourceTree = "<group>"; };
		EC898496140996F100CB12E2 /* SampleHoverViewProject.app */ = {isa = PBXFileReference; explicitFileType = wrapper.application; includeInIndex = 0; path = SampleHoverViewProject.app; sourceTree = BUILT_PRODUCTS_DIR; };
		EC89849A140996F100CB12E2 /* UIKit.framework */ = {isa = PBXFileReference; lastKnownFileType = wrapper.framework; name = UIKit.framework; path = System/Library/Frameworks/UIKit.framework; sourceTree = SDKROOT; };
		EC89849C140996F100CB12E2 /* Foundation.framework */ = {isa = PBXFileReference; lastKnownFileType = wrapper.framework; name = Foundation.framework; path = System/Library/Frameworks/Foundation.framework; sourceTree = SDKROOT; };
		EC89849E140996F100CB12E2 /* CoreGraphics.framework */ = {isa = PBXFileReference; lastKnownFileType = wrapper.framework; name = CoreGraphics.framework; path = System/Library/Frameworks/CoreGraphics.framework; sourceTree = SDKROOT; };
		EC8984A2140996F100CB12E2 /* SampleHoverViewProject-Info.plist */ = {isa = PBXFileReference; lastKnownFileType = text.plist.xml; path = "SampleHoverViewProject-Info.plist"; sourceTree = "<group>"; };
		EC8984A4140996F100CB12E2 /* en */ = {isa = PBXFileReference; lastKnownFileType = text.plist.strings; name = en; path = en.lproj/InfoPlist.strings; sourceTree = "<group>"; };
		EC8984A6140996F100CB12E2 /* main.m */ = {isa = PBXFileReference; lastKnownFileType = sourcecode.c.objc; path = main.m; sourceTree = "<group>"; };
		EC8984A8140996F100CB12E2 /* SampleHoverViewProject-Prefix.pch */ = {isa = PBXFileReference; lastKnownFileType = sourcecode.c.h; path = "SampleHoverViewProject-Prefix.pch"; sourceTree = "<group>"; };
		EC8984A9140996F100CB12E2 /* SampleHoverViewProjectAppDelegate.h */ = {isa = PBXFileReference; lastKnownFileType = sourcecode.c.h; path = SampleHoverViewProjectAppDelegate.h; sourceTree = "<group>"; };
		EC8984AA140996F100CB12E2 /* SampleHoverViewProjectAppDelegate.m */ = {isa = PBXFileReference; lastKnownFileType = sourcecode.c.objc; path = SampleHoverViewProjectAppDelegate.m; sourceTree = "<group>"; };
		EC8984C21409995B00CB12E2 /* MainWindow.xib */ = {isa = PBXFileReference; fileEncoding = 4; lastKnownFileType = file.xib; path = MainWindow.xib; sourceTree = "<group>"; };
		EC8984C5140999B100CB12E2 /* BDHoverView.h */ = {isa = PBXFileReference; fileEncoding = 4; lastKnownFileType = sourcecode.c.h; path = BDHoverView.h; sourceTree = "<group>"; };
		EC8984C6140999B100CB12E2 /* BDHoverView.m */ = {isa = PBXFileReference; fileEncoding = 4; lastKnownFileType = sourcecode.c.objc; path = BDHoverView.m; sourceTree = "<group>"; };
		EC8984C7140999B100CB12E2 /* BDHoverViewController.h */ = {isa = PBXFileReference; fileEncoding = 4; lastKnownFileType = sourcecode.c.h; path = BDHoverViewController.h; sourceTree = "<group>"; };
		EC8984C8140999B100CB12E2 /* BDHoverViewController.m */ = {isa = PBXFileReference; fileEncoding = 4; lastKnownFileType = sourcecode.c.objc; path = BDHoverViewController.m; sourceTree = "<group>"; };
		ECF0E9821409A26200CDB86F /* QuartzCore.framework */ = {isa = PBXFileReference; lastKnownFileType = wrapper.framework; name = QuartzCore.framework; path = System/Library/Frameworks/QuartzCore.framework; sourceTree = SDKROOT; };
/* End PBXFileReference section */

/* Begin PBXFrameworksBuildPhase section */
		EC898493140996F100CB12E2 /* Frameworks */ = {
			isa = PBXFrameworksBuildPhase;
			buildActionMask = 2147483647;
			files = (
				ECF0E9831409A26300CDB86F /* QuartzCore.framework in Frameworks */,
				EC89849B140996F100CB12E2 /* UIKit.framework in Frameworks */,
				EC89849D140996F100CB12E2 /* Foundation.framework in Frameworks */,
				ECF0E9811409A0FB00CDB86F /* CoreGraphics.framework in Frameworks */,
			);
			runOnlyForDeploymentPostprocessing = 0;
		};
/* End PBXFrameworksBuildPhase section */

/* Begin PBXGroup section */
		EC89848B140996F100CB12E2 = {
			isa = PBXGroup;
			children = (
				EC2D23601409A59D00CCB092 /* README.txt */,
				EC8984C41409999500CB12E2 /* BDHoverViewController */,
				EC8984A0140996F100CB12E2 /* SampleHoverViewProject */,
				EC898499140996F100CB12E2 /* Frameworks */,
				EC898497140996F100CB12E2 /* Products */,
			);
			sourceTree = "<group>";
		};
		EC898497140996F100CB12E2 /* Products */ = {
			isa = PBXGroup;
			children = (
				EC898496140996F100CB12E2 /* SampleHoverViewProject.app */,
			);
			name = Products;
			sourceTree = "<group>";
		};
		EC898499140996F100CB12E2 /* Frameworks */ = {
			isa = PBXGroup;
			children = (
				ECF0E9821409A26200CDB86F /* QuartzCore.framework */,
				EC89849A140996F100CB12E2 /* UIKit.framework */,
				EC89849C140996F100CB12E2 /* Foundation.framework */,
				EC89849E140996F100CB12E2 /* CoreGraphics.framework */,
			);
			name = Frameworks;
			sourceTree = "<group>";
		};
		EC8984A0140996F100CB12E2 /* SampleHoverViewProject */ = {
			isa = PBXGroup;
			children = (
				EC8984C21409995B00CB12E2 /* MainWindow.xib */,
				EC8984A9140996F100CB12E2 /* SampleHoverViewProjectAppDelegate.h */,
				EC8984AA140996F100CB12E2 /* SampleHoverViewProjectAppDelegate.m */,
				EC8984A1140996F100CB12E2 /* Supporting Files */,
			);
			path = SampleHoverViewProject;
			sourceTree = "<group>";
		};
		EC8984A1140996F100CB12E2 /* Supporting Files */ = {
			isa = PBXGroup;
			children = (
				EC8984A2140996F100CB12E2 /* SampleHoverViewProject-Info.plist */,
				EC8984A3140996F100CB12E2 /* InfoPlist.strings */,
				EC8984A6140996F100CB12E2 /* main.m */,
				EC8984A8140996F100CB12E2 /* SampleHoverViewProject-Prefix.pch */,
			);
			name = "Supporting Files";
			sourceTree = "<group>";
		};
		EC8984C41409999500CB12E2 /* BDHoverViewController */ = {
			isa = PBXGroup;
			children = (
				EC8984C5140999B100CB12E2 /* BDHoverView.h */,
				EC8984C6140999B100CB12E2 /* BDHoverView.m */,
				EC8984C7140999B100CB12E2 /* BDHoverViewController.h */,
				EC8984C8140999B100CB12E2 /* BDHoverViewController.m */,
			);
			name = BDHoverViewController;
			sourceTree = "<group>";
		};
/* End PBXGroup section */

/* Begin PBXNativeTarget section */
		EC898495140996F100CB12E2 /* SampleHoverViewProject */ = {
			isa = PBXNativeTarget;
			buildConfigurationList = EC8984BC140996F200CB12E2 /* Build configuration list for PBXNativeTarget "SampleHoverViewProject" */;
			buildPhases = (
				EC898492140996F100CB12E2 /* Sources */,
				EC898493140996F100CB12E2 /* Frameworks */,
				EC898494140996F100CB12E2 /* Resources */,
			);
			buildRules = (
			);
			dependencies = (
			);
			name = SampleHoverViewProject;
			productName = SampleHoverViewProject;
			productReference = EC898496140996F100CB12E2 /* SampleHoverViewProject.app */;
			productType = "com.apple.product-type.application";
		};
/* End PBXNativeTarget section */

/* Begin PBXProject section */
		EC89848D140996F100CB12E2 /* Project object */ = {
			isa = PBXProject;
			attributes = {
				LastUpgradeCheck = 0420;
			};
			buildConfigurationList = EC898490140996F100CB12E2 /* Build configuration list for PBXProject "SampleHoverViewProject" */;
			compatibilityVersion = "Xcode 3.2";
			developmentRegion = English;
			hasScannedForEncodings = 0;
			knownRegions = (
				en,
			);
			mainGroup = EC89848B140996F100CB12E2;
			productRefGroup = EC898497140996F100CB12E2 /* Products */;
			projectDirPath = "";
			projectRoot = "";
			targets = (
				EC898495140996F100CB12E2 /* SampleHoverViewProject */,
			);
		};
/* End PBXProject section */

/* Begin PBXResourcesBuildPhase section */
		EC898494140996F100CB12E2 /* Resources */ = {
			isa = PBXResourcesBuildPhase;
			buildActionMask = 2147483647;
			files = (
				EC8984A5140996F100CB12E2 /* InfoPlist.strings in Resources */,
				EC8984C31409995B00CB12E2 /* MainWindow.xib in Resources */,
				EC2D23611409A59D00CCB092 /* README.txt in Resources */,
			);
			runOnlyForDeploymentPostprocessing = 0;
		};
/* End PBXResourcesBuildPhase section */

/* Begin PBXSourcesBuildPhase section */
		EC898492140996F100CB12E2 /* Sources */ = {
			isa = PBXSourcesBuildPhase;
			buildActionMask = 2147483647;
			files = (
				EC8984A7140996F100CB12E2 /* main.m in Sources */,
				EC8984AB140996F100CB12E2 /* SampleHoverViewProjectAppDelegate.m in Sources */,
				EC8984C9140999B100CB12E2 /* BDHoverView.m in Sources */,
				EC8984CA140999B100CB12E2 /* BDHoverViewController.m in Sources */,
			);
			runOnlyForDeploymentPostprocessing = 0;
		};
/* End PBXSourcesBuildPhase section */

/* Begin PBXVariantGroup section */
		EC8984A3140996F100CB12E2 /* InfoPlist.strings */ = {
			isa = PBXVariantGroup;
			children = (
				EC8984A4140996F100CB12E2 /* en */,
			);
			name = InfoPlist.strings;
			sourceTree = "<group>";
		};
/* End PBXVariantGroup section */

/* Begin XCBuildConfiguration section */
		EC8984BA140996F200CB12E2 /* Debug */ = {
			isa = XCBuildConfiguration;
			buildSettings = {
				ALWAYS_SEARCH_USER_PATHS = NO;
				ARCHS = "$(ARCHS_STANDARD_32_BIT)";
				"CODE_SIGN_IDENTITY[sdk=iphoneos*]" = "iPhone Developer";
				COPY_PHASE_STRIP = NO;
				GCC_C_LANGUAGE_STANDARD = gnu99;
				GCC_DYNAMIC_NO_PIC = NO;
				GCC_OPTIMIZATION_LEVEL = 0;
				GCC_PREPROCESSOR_DEFINITIONS = (
					"DEBUG=1",
					"$(inherited)",
				);
				GCC_SYMBOLS_PRIVATE_EXTERN = NO;
				GCC_VERSION = com.apple.compilers.llvmgcc42;
				GCC_WARN_ABOUT_MISSING_PROTOTYPES = YES;
				GCC_WARN_ABOUT_RETURN_TYPE = YES;
				GCC_WARN_UNUSED_VARIABLE = YES;
				IPHONEOS_DEPLOYMENT_TARGET = 4.3;
				SDKROOT = iphoneos;
				TARGETED_DEVICE_FAMILY = "1,2";
			};
			name = Debug;
		};
		EC8984BB140996F200CB12E2 /* Release */ = {
			isa = XCBuildConfiguration;
			buildSettings = {
				ALWAYS_SEARCH_USER_PATHS = NO;
				ARCHS = "$(ARCHS_STANDARD_32_BIT)";
				"CODE_SIGN_IDENTITY[sdk=iphoneos*]" = "iPhone Developer";
				COPY_PHASE_STRIP = YES;
				GCC_C_LANGUAGE_STANDARD = gnu99;
				GCC_VERSION = com.apple.compilers.llvmgcc42;
				GCC_WARN_ABOUT_MISSING_PROTOTYPES = YES;
				GCC_WARN_ABOUT_RETURN_TYPE = YES;
				GCC_WARN_UNUSED_VARIABLE = YES;
				IPHONEOS_DEPLOYMENT_TARGET = 4.3;
				OTHER_CFLAGS = "-DNS_BLOCK_ASSERTIONS=1";
				SDKROOT = iphoneos;
				TARGETED_DEVICE_FAMILY = "1,2";
				VALIDATE_PRODUCT = YES;
			};
			name = Release;
		};
		EC8984BD140996F200CB12E2 /* Debug */ = {
			isa = XCBuildConfiguration;
			buildSettings = {
				ARCHS = "$(ARCHS_STANDARD_32_BIT)";
				GCC_PRECOMPILE_PREFIX_HEADER = YES;
				GCC_PREFIX_HEADER = "SampleHoverViewProject/SampleHoverViewProject-Prefix.pch";
				GCC_VERSION = com.apple.compilers.llvm.clang.1_0;
				INFOPLIST_FILE = "SampleHoverViewProject/SampleHoverViewProject-Info.plist";
				PRODUCT_NAME = "$(TARGET_NAME)";
				RUN_CLANG_STATIC_ANALYZER = YES;
				WRAPPER_EXTENSION = app;
			};
			name = Debug;
		};
		EC8984BE140996F200CB12E2 /* Release */ = {
			isa = XCBuildConfiguration;
			buildSettings = {
				ARCHS = "$(ARCHS_STANDARD_32_BIT)";
				GCC_PRECOMPILE_PREFIX_HEADER = YES;
				GCC_PREFIX_HEADER = "SampleHoverViewProject/SampleHoverViewProject-Prefix.pch";
				GCC_VERSION = com.apple.compilers.llvm.clang.1_0;
				INFOPLIST_FILE = "SampleHoverViewProject/SampleHoverViewProject-Info.plist";
				PRODUCT_NAME = "$(TARGET_NAME)";
				RUN_CLANG_STATIC_ANALYZER = YES;
				WRAPPER_EXTENSION = app;
			};
			name = Release;
		};
/* End XCBuildConfiguration section */

/* Begin XCConfigurationList section */
		EC898490140996F100CB12E2 /* Build configuration list for PBXProject "SampleHoverViewProject" */ = {
			isa = XCConfigurationList;
			buildConfigurations = (
				EC8984BA140996F200CB12E2 /* Debug */,
				EC8984BB140996F200CB12E2 /* Release */,
			);
			defaultConfigurationIsVisible = 0;
			defaultConfigurationName = Release;
		};
		EC8984BC140996F200CB12E2 /* Build configuration list for PBXNativeTarget "SampleHoverViewProject" */ = {
			isa = XCConfigurationList;
			buildConfigurations = (
				EC8984BD140996F200CB12E2 /* Debug */,
				EC8984BE140996F200CB12E2 /* Release */,
			);
			defaultConfigurationIsVisible = 0;
			defaultConfigurationName = Release;
		};
/* End XCConfigurationList section */
	};
	rootObject = EC89848D140996F100CB12E2 /* Project object */;
}
